
Microsoft Visual Studio Solution File, Format Version 12.00
# Visual Studio 2012
Project("{FAE04EC0-301F-11D3-BF4B-00C04F79EFBC}") = "ModulesWeb", "ModulesWeb\ModulesWeb.csproj", "{542FDD0A-75AA-4A0C-A383-577B738F908C}"
	ProjectSection(ProjectDependencies) = postProject
		{C84C4E1D-E0C1-426E-996F-F728721C2A07} = {C84C4E1D-E0C1-426E-996F-F728721C2A07}
	EndProjectSection
EndProject
Project("{FAE04EC0-301F-11D3-BF4B-00C04F79EFBC}") = "ModulesWeb.Web", "ModulesWeb.Web\ModulesWeb.Web.csproj", "{C84C4E1D-E0C1-426E-996F-F728721C2A07}"
EndProject
Global
	GlobalSection(SolutionConfigurationPlatforms) = preSolution
		Debug|Any CPU = Debug|Any CPU
		Release|Any CPU = Release|Any CPU
	EndGlobalSection
	GlobalSection(ProjectConfigurationPlatforms) = postSolution
		{542FDD0A-75AA-4A0C-A383-577B738F908C}.Debug|Any CPU.ActiveCfg = Debug|Any CPU
		{542FDD0A-75AA-4A0C-A383-577B738F908C}.Debug|Any CPU.Build.0 = Debug|Any CPU
		{542FDD0A-75AA-4A0C-A383-577B738F908C}.Release|Any CPU.ActiveCfg = Release|Any CPU
		{542FDD0A-75AA-4A0C-A383-577B738F908C}.Release|Any CPU.Build.0 = Release|Any CPU
		{C84C4E1D-E0C1-426E-996F-F728721C2A07}.Debug|Any CPU.ActiveCfg = Debug|Any CPU
		{C84C4E1D-E0C1-426E-996F-F728721C2A07}.Debug|Any CPU.Build.0 = Debug|Any CPU
		{C84C4E1D-E0C1-426E-996F-F728721C2A07}.Release|Any CPU.ActiveCfg = Release|Any CPU
		{C84C4E1D-E0C1-426E-996F-F728721C2A07}.Release|Any CPU.Build.0 = Release|Any CPU
	EndGlobalSection
	GlobalSection(SolutionProperties) = preSolution
		HideSolutionNode = FALSE
	EndGlobalSection
EndGlobal
